// !$*UTF8*$!
{
	archiveVersion = 1;
	classes = {
	};
	objectVersion = 46;
	objects = {

/* Begin PBXBuildFile section */
		CAD23E781A4E969B00004E73 /* AppDelegate.swift in Sources */ = {isa = PBXBuildFile; fileRef = CAD23E771A4E969B00004E73 /* AppDelegate.swift */; };
		CAD23E7A1A4E969B00004E73 /* ViewController.swift in Sources */ = {isa = PBXBuildFile; fileRef = CAD23E791A4E969B00004E73 /* ViewController.swift */; };
		CAD23E7D1A4E969B00004E73 /* Main.storyboard in Resources */ = {isa = PBXBuildFile; fileRef = CAD23E7B1A4E969B00004E73 /* Main.storyboard */; };
		CAD23E7F1A4E969B00004E73 /* Images.xcassets in Resources */ = {isa = PBXBuildFile; fileRef = CAD23E7E1A4E969B00004E73 /* Images.xcassets */; };
		CAD23E821A4E969B00004E73 /* LaunchScreen.xib in Resources */ = {isa = PBXBuildFile; fileRef = CAD23E801A4E969B00004E73 /* LaunchScreen.xib */; };
		CAD23E8E1A4E969B00004E73 /* TipsyTests.swift in Sources */ = {isa = PBXBuildFile; fileRef = CAD23E8D1A4E969B00004E73 /* TipsyTests.swift */; };
/* End PBXBuildFile section */

/* Begin PBXContainerItemProxy section */
		CAD23E881A4E969B00004E73 /* PBXContainerItemProxy */ = {
			isa = PBXContainerItemProxy;
			containerPortal = CAD23E6A1A4E969B00004E73 /* Project object */;
			proxyType = 1;
			remoteGlobalIDString = CAD23E711A4E969B00004E73;
			remoteInfo = Tipsy;
		};
/* End PBXContainerItemProxy section */

/* Begin PBXFileReference section */
		CAD23E721A4E969B00004E73 /* Tipsy.app */ = {isa = PBXFileReference; explicitFileType = wrapper.application; includeInIndex = 0; path = Tipsy.app; sourceTree = BUILT_PRODUCTS_DIR; };
		CAD23E761A4E969B00004E73 /* Info.plist */ = {isa = PBXFileReference; lastKnownFileType = text.plist.xml; path = Info.plist; sourceTree = "<group>"; };
		CAD23E771A4E969B00004E73 /* AppDelegate.swift */ = {isa = PBXFileReference; lastKnownFileType = sourcecode.swift; path = AppDelegate.swift; sourceTree = "<group>"; };
		CAD23E791A4E969B00004E73 /* ViewController.swift */ = {isa = PBXFileReference; lastKnownFileType = sourcecode.swift; path = ViewController.swift; sourceTree = "<group>"; };
		CAD23E7C1A4E969B00004E73 /* Base */ = {isa = PBXFileReference; lastKnownFileType = file.storyboard; name = Base; path = Base.lproj/Main.storyboard; sourceTree = "<group>"; };
		CAD23E7E1A4E969B00004E73 /* Images.xcassets */ = {isa = PBXFileReference; lastKnownFileType = folder.assetcatalog; path = Images.xcassets; sourceTree = "<group>"; };
		CAD23E811A4E969B00004E73 /* Base */ = {isa = PBXFileReference; lastKnownFileType = file.xib; name = Base; path = Base.lproj/LaunchScreen.xib; sourceTree = "<group>"; };
		CAD23E871A4E969B00004E73 /* TipsyTests.xctest */ = {isa = PBXFileReference; explicitFileType = wrapper.cfbundle; includeInIndex = 0; path = TipsyTests.xctest; sourceTree = BUILT_PRODUCTS_DIR; };
		CAD23E8C1A4E969B00004E73 /* Info.plist */ = {isa = PBXFileReference; lastKnownFileType = text.plist.xml; path = Info.plist; sourceTree = "<group>"; };
		CAD23E8D1A4E969B00004E73 /* TipsyTests.swift */ = {isa = PBXFileReference; lastKnownFileType = sourcecode.swift; path = TipsyTests.swift; sourceTree = "<group>"; };
/* End PBXFileReference section */

/* Begin PBXFrameworksBuildPhase section */
		CAD23E6F1A4E969B00004E73 /* Frameworks */ = {
			isa = PBXFrameworksBuildPhase;
			buildActionMask = 2147483647;
			files = (
			);
			runOnlyForDeploymentPostprocessing = 0;
		};
		CAD23E841A4E969B00004E73 /* Frameworks */ = {
			isa = PBXFrameworksBuildPhase;
			buildActionMask = 2147483647;
			files = (
			);
			runOnlyForDeploymentPostprocessing = 0;
		};
/* End PBXFrameworksBuildPhase section */

/* Begin PBXGroup section */
		CAD23E691A4E969B00004E73 = {
			isa = PBXGroup;
			children = (
				CAD23E741A4E969B00004E73 /* Tipsy */,
				CAD23E8A1A4E969B00004E73 /* TipsyTests */,
				CAD23E731A4E969B00004E73 /* Products */,
			);
			sourceTree = "<group>";
		};
		CAD23E731A4E969B00004E73 /* Products */ = {
			isa = PBXGroup;
			children = (
				CAD23E721A4E969B00004E73 /* Tipsy.app */,
				CAD23E871A4E969B00004E73 /* TipsyTests.xctest */,
			);
			name = Products;
			sourceTree = "<group>";
		};
		CAD23E741A4E969B00004E73 /* Tipsy */ = {
			isa = PBXGroup;
			children = (
				CAD23E771A4E969B00004E73 /* AppDelegate.swift */,
				CAD23E791A4E969B00004E73 /* ViewController.swift */,
				CAD23E7B1A4E969B00004E73 /* Main.storyboard */,
				CAD23E7E1A4E969B00004E73 /* Images.xcassets */,
				CAD23E801A4E969B00004E73 /* LaunchScreen.xib */,
				CAD23E751A4E969B00004E73 /* Supporting Files */,
			);
			path = Tipsy;
			sourceTree = "<group>";
		};
		CAD23E751A4E969B00004E73 /* Supporting Files */ = {
			isa = PBXGroup;
			children = (
				CAD23E761A4E969B00004E73 /* Info.plist */,
			);
			name = "Supporting Files";
			sourceTree = "<group>";
		};
		CAD23E8A1A4E969B00004E73 /* TipsyTests */ = {
			isa = PBXGroup;
			children = (
				CAD23E8D1A4E969B00004E73 /* TipsyTests.swift */,
				CAD23E8B1A4E969B00004E73 /* Supporting Files */,
			);
			path = TipsyTests;
			sourceTree = "<group>";
		};
		CAD23E8B1A4E969B00004E73 /* Supporting Files */ = {
			isa = PBXGroup;
			children = (
				CAD23E8C1A4E969B00004E73 /* Info.plist */,
			);
			name = "Supporting Files";
			sourceTree = "<group>";
		};
/* End PBXGroup section */

/* Begin PBXNativeTarget section */
		CAD23E711A4E969B00004E73 /* Tipsy */ = {
			isa = PBXNativeTarget;
			buildConfigurationList = CAD23E911A4E969B00004E73 /* Build configuration list for PBXNativeTarget "Tipsy" */;
			buildPhases = (
				CAD23E6E1A4E969B00004E73 /* Sources */,
				CAD23E6F1A4E969B00004E73 /* Frameworks */,
				CAD23E701A4E969B00004E73 /* Resources */,
			);
			buildRules = (
			);
			dependencies = (
			);
			name = Tipsy;
			productName = Tipsy;
			productReference = CAD23E721A4E969B00004E73 /* Tipsy.app */;
			productType = "com.apple.product-type.application";
		};
		CAD23E861A4E969B00004E73 /* TipsyTests */ = {
			isa = PBXNativeTarget;
			buildConfigurationList = CAD23E941A4E969B00004E73 /* Build configuration list for PBXNativeTarget "TipsyTests" */;
			buildPhases = (
				CAD23E831A4E969B00004E73 /* Sources */,
				CAD23E841A4E969B00004E73 /* Frameworks */,
				CAD23E851A4E969B00004E73 /* Resources */,
			);
			buildRules = (
			);
			dependencies = (
				CAD23E891A4E969B00004E73 /* PBXTargetDependency */,
			);
			name = TipsyTests;
			productName = TipsyTests;
			productReference = CAD23E871A4E969B00004E73 /* TipsyTests.xctest */;
			productType = "com.apple.product-type.bundle.unit-test";
		};
/* End PBXNativeTarget section */

/* Begin PBXProject section */
		CAD23E6A1A4E969B00004E73 /* Project object */ = {
			isa = PBXProject;
			attributes = {
				LastUpgradeCheck = 0610;
				ORGANIZATIONNAME = "Patrick Wong";
				TargetAttributes = {
					CAD23E711A4E969B00004E73 = {
						CreatedOnToolsVersion = 6.1.1;
					};
					CAD23E861A4E969B00004E73 = {
						CreatedOnToolsVersion = 6.1.1;
						TestTargetID = CAD23E711A4E969B00004E73;
					};
				};
			};
			buildConfigurationList = CAD23E6D1A4E969B00004E73 /* Build configuration list for PBXProject "Tipsy" */;
			compatibilityVersion = "Xcode 3.2";
			developmentRegion = English;
			hasScannedForEncodings = 0;
			knownRegions = (
				en,
				Base,
			);
			mainGroup = CAD23E691A4E969B00004E73;
			productRefGroup = CAD23E731A4E969B00004E73 /* Products */;
			projectDirPath = "";
			projectRoot = "";
			targets = (
				CAD23E711A4E969B00004E73 /* Tipsy */,
				CAD23E861A4E969B00004E73 /* TipsyTests */,
			);
		};
/* End PBXProject section */

/* Begin PBXResourcesBuildPhase section */
		CAD23E701A4E969B00004E73 /* Resources */ = {
			isa = PBXResourcesBuildPhase;
			buildActionMask = 2147483647;
			files = (
				CAD23E7D1A4E969B00004E73 /* Main.storyboard in Resources */,
				CAD23E821A4E969B00004E73 /* LaunchScreen.xib in Resources */,
				CAD23E7F1A4E969B00004E73 /* Images.xcassets in Resources */,
			);
			runOnlyForDeploymentPostprocessing = 0;
		};
		CAD23E851A4E969B00004E73 /* Resources */ = {
			isa = PBXResourcesBuildPhase;
			buildActionMask = 2147483647;
			files = (
			);
			runOnlyForDeploymentPostprocessing = 0;
		};
/* End PBXResourcesBuildPhase section */

/* Begin PBXSourcesBuildPhase section */
		CAD23E6E1A4E969B00004E73 /* Sources */ = {
			isa = PBXSourcesBuildPhase;
			buildActionMask = 2147483647;
			files = (
				CAD23E7A1A4E969B00004E73 /* ViewController.swift in Sources */,
				CAD23E781A4E969B00004E73 /* AppDelegate.swift in Sources */,
			);
			runOnlyForDeploymentPostprocessing = 0;
		};
		CAD23E831A4E969B00004E73 /* Sources */ = {
			isa = PBXSourcesBuildPhase;
			buildActionMask = 2147483647;
			files = (
				CAD23E8E1A4E969B00004E73 /* TipsyTests.swift in Sources */,
			);
			runOnlyForDeploymentPostprocessing = 0;
		};
/* End PBXSourcesBuildPhase section */

/* Begin PBXTargetDependency section */
		CAD23E891A4E969B00004E73 /* PBXTargetDependency */ = {
			isa = PBXTargetDependency;
			target = CAD23E711A4E969B00004E73 /* Tipsy */;
			targetProxy = CAD23E881A4E969B00004E73 /* PBXContainerItemProxy */;
		};
/* End PBXTargetDependency section */

/* Begin PBXVariantGroup section */
		CAD23E7B1A4E969B00004E73 /* Main.storyboard */ = {
			isa = PBXVariantGroup;
			children = (
				CAD23E7C1A4E969B00004E73 /* Base */,
			);
			name = Main.storyboard;
			sourceTree = "<group>";
		};
		CAD23E801A4E969B00004E73 /* LaunchScreen.xib */ = {
			isa = PBXVariantGroup;
			children = (
				CAD23E811A4E969B00004E73 /* Base */,
			);
			name = LaunchScreen.xib;
			sourceTree = "<group>";
		};
/* End PBXVariantGroup section */

/* Begin XCBuildConfiguration section */
		CAD23E8F1A4E969B00004E73 /* Debug */ = {
			isa = XCBuildConfiguration;
			buildSettings = {
				ALWAYS_SEARCH_USER_PATHS = NO;
				CLANG_CXX_LANGUAGE_STANDARD = "gnu++0x";
				CLANG_CXX_LIBRARY = "libc++";
				CLANG_ENABLE_MODULES = YES;
				CLANG_ENABLE_OBJC_ARC = YES;
				CLANG_WARN_BOOL_CONVERSION = YES;
				CLANG_WARN_CONSTANT_CONVERSION = YES;
				CLANG_WARN_DIRECT_OBJC_ISA_USAGE = YES_ERROR;
				CLANG_WARN_EMPTY_BODY = YES;
				CLANG_WARN_ENUM_CONVERSION = YES;
				CLANG_WARN_INT_CONVERSION = YES;
				CLANG_WARN_OBJC_ROOT_CLASS = YES_ERROR;
				CLANG_WARN_UNREACHABLE_CODE = YES;
				CLANG_WARN__DUPLICATE_METHOD_MATCH = YES;
				"CODE_SIGN_IDENTITY[sdk=iphoneos*]" = "iPhone Developer";
				COPY_PHASE_STRIP = NO;
				ENABLE_STRICT_OBJC_MSGSEND = YES;
				GCC_C_LANGUAGE_STANDARD = gnu99;
				GCC_DYNAMIC_NO_PIC = NO;
				GCC_OPTIMIZATION_LEVEL = 0;
				GCC_PREPROCESSOR_DEFINITIONS = (
					"DEBUG=1",
					"$(inherited)",
				);
				GCC_SYMBOLS_PRIVATE_EXTERN = NO;
				GCC_WARN_64_TO_32_BIT_CONVERSION = YES;
				GCC_WARN_ABOUT_RETURN_TYPE = YES_ERROR;
				GCC_WARN_UNDECLARED_SELECTOR = YES;
				GCC_WARN_UNINITIALIZED_AUTOS = YES_AGGRESSIVE;
				GCC_WARN_UNUSED_FUNCTION = YES;
				GCC_WARN_UNUSED_VARIABLE = YES;
				IPHONEOS_DEPLOYMENT_TARGET = 8.1;
				MTL_ENABLE_DEBUG_INFO = YES;
				ONLY_ACTIVE_ARCH = YES;
				SDKROOT = iphoneos;
				SWIFT_OPTIMIZATION_LEVEL = "-Onone";
			};
			name = Debug;
		};
		CAD23E901A4E969B00004E73 /* Release */ = {
			isa = XCBuildConfiguration;
			buildSettings = {
				ALWAYS_SEARCH_USER_PATHS = NO;
				CLANG_CXX_LANGUAGE_STANDARD = "gnu++0x";
				CLANG_CXX_LIBRARY = "libc++";
				CLANG_ENABLE_MODULES = YES;
				CLANG_ENABLE_OBJC_ARC = YES;
				CLANG_WARN_BOOL_CONVERSION = YES;
				CLANG_WARN_CONSTANT_CONVERSION = YES;
				CLANG_WARN_DIRECT_OBJC_ISA_USAGE = YES_ERROR;
				CLANG_WARN_EMPTY_BODY = YES;
				CLANG_WARN_ENUM_CONVERSION = YES;
				CLANG_WARN_INT_CONVERSION = YES;
				CLANG_WARN_OBJC_ROOT_CLASS = YES_ERROR;
				CLANG_WARN_UNREACHABLE_CODE = YES;
				CLANG_WARN__DUPLICATE_METHOD_MATCH = YES;
				"CODE_SIGN_IDENTITY[sdk=iphoneos*]" = "iPhone Developer";
				COPY_PHASE_STRIP = YES;
				ENABLE_NS_ASSERTIONS = NO;
				ENABLE_STRICT_OBJC_MSGSEND = YES;
				GCC_C_LANGUAGE_STANDARD = gnu99;
				GCC_WARN_64_TO_32_BIT_CONVERSION = YES;
				GCC_WARN_ABOUT_RETURN_TYPE = YES_ERROR;
				GCC_WARN_UNDECLARED_SELECTOR = YES;
				GCC_WARN_UNINITIALIZED_AUTOS = YES_AGGRESSIVE;
				GCC_WARN_UNUSED_FUNCTION = YES;
				GCC_WARN_UNUSED_VARIABLE = YES;
				IPHONEOS_DEPLOYMENT_TARGET = 8.1;
				MTL_ENABLE_DEBUG_INFO = NO;
				SDKROOT = iphoneos;
				VALIDATE_PRODUCT = YES;
			};
			name = Release;
		};
		CAD23E921A4E969B00004E73 /* Debug */ = {
			isa = XCBuildConfiguration;
			buildSettings = {
				ASSETCATALOG_COMPILER_APPICON_NAME = AppIcon;
				INFOPLIST_FILE = Tipsy/Info.plist;
				LD_RUNPATH_SEARCH_PATHS = "$(inherited) @executable_path/Frameworks";
				PRODUCT_NAME = "$(TARGET_NAME)";
			};
			name = Debug;
		};
		CAD23E931A4E969B00004E73 /* Release */ = {
			isa = XCBuildConfiguration;
			buildSettings = {
				ASSETCATALOG_COMPILER_APPICON_NAME = AppIcon;
				INFOPLIST_FILE = Tipsy/Info.plist;
				LD_RUNPATH_SEARCH_PATHS = "$(inherited) @executable_path/Frameworks";
				PRODUCT_NAME = "$(TARGET_NAME)";
			};
			name = Release;
		};
		CAD23E951A4E969B00004E73 /* Debug */ = {
			isa = XCBuildConfiguration;
			buildSettings = {
				BUNDLE_LOADER = "$(TEST_HOST)";
				FRAMEWORK_SEARCH_PATHS = (
					"$(SDKROOT)/Developer/Library/Frameworks",
					"$(inherited)",
				);
				GCC_PREPROCESSOR_DEFINITIONS = (
					"DEBUG=1",
					"$(inherited)",
				);
				INFOPLIST_FILE = TipsyTests/Info.plist;
				LD_RUNPATH_SEARCH_PATHS = "$(inherited) @executable_path/Frameworks @loader_path/Frameworks";
				PRODUCT_NAME = "$(TARGET_NAME)";
				TEST_HOST = "$(BUILT_PRODUCTS_DIR)/Tipsy.app/Tipsy";
			};
			name = Debug;
		};
		CAD23E961A4E969B00004E73 /* Release */ = {
			isa = XCBuildConfiguration;
			buildSettings = {
				BUNDLE_LOADER = "$(TEST_HOST)";
				FRAMEWORK_SEARCH_PATHS = (
					"$(SDKROOT)/Developer/Library/Frameworks",
					"$(inherited)",
				);
				INFOPLIST_FILE = TipsyTests/Info.plist;
				LD_RUNPATH_SEARCH_PATHS = "$(inherited) @executable_path/Frameworks @loader_path/Frameworks";
				PRODUCT_NAME = "$(TARGET_NAME)";
				TEST_HOST = "$(BUILT_PRODUCTS_DIR)/Tipsy.app/Tipsy";
			};
			name = Release;
		};
/* End XCBuildConfiguration section */

/* Begin XCConfigurationList section */
		CAD23E6D1A4E969B00004E73 /* Build configuration list for PBXProject "Tipsy" */ = {
			isa = XCConfigurationList;
			buildConfigurations = (
				CAD23E8F1A4E969B00004E73 /* Debug */,
				CAD23E901A4E969B00004E73 /* Release */,
			);
			defaultConfigurationIsVisible = 0;
			defaultConfigurationName = Release;
		};
		CAD23E911A4E969B00004E73 /* Build configuration list for PBXNativeTarget "Tipsy" */ = {
			isa = XCConfigurationList;
			buildConfigurations = (
				CAD23E921A4E969B00004E73 /* Debug */,
				CAD23E931A4E969B00004E73 /* Release */,
			);
			defaultConfigurationIsVisible = 0;
			defaultConfigurationName = Release;
		};
		CAD23E941A4E969B00004E73 /* Build configuration list for PBXNativeTarget "TipsyTests" */ = {
			isa = XCConfigurationList;
			buildConfigurations = (
				CAD23E951A4E969B00004E73 /* Debug */,
				CAD23E961A4E969B00004E73 /* Release */,
			);
			defaultConfigurationIsVisible = 0;
			defaultConfigurationName = Release;
		};
/* End XCConfigurationList section */
	};
	rootObject = CAD23E6A1A4E969B00004E73 /* Project object */;
}
